
Microsoft Visual Studio Solution File, Format Version 12.00
# Visual Studio Version 17
VisualStudioVersion = 17.5.002.0
MinimumVisualStudioVersion = 10.0.40219.1
Project("{9A19103F-16F7-4668-BE54-9A1E7A4F7556}") = "EcbCurrencyRateGateway", "EcbCurrencyRateGateway.csproj", "{E499FDA8-C43A-4AC2-A22B-AFFCCBB68629}"
EndProject
Global
	GlobalSection(SolutionConfigurationPlatforms) = preSolution
		Debug|Any CPU = Debug|Any CPU
		Release|Any CPU = Release|Any CPU
	EndGlobalSection
	GlobalSection(ProjectConfigurationPlatforms) = postSolution
		{E499FDA8-C43A-4AC2-A22B-AFFCCBB68629}.Debug|Any CPU.ActiveCfg = Debug|Any CPU
		{E499FDA8-C43A-4AC2-A22B-AFFCCBB68629}.Debug|Any CPU.Build.0 = Debug|Any CPU
		{E499FDA8-C43A-4AC2-A22B-AFFCCBB68629}.Release|Any CPU.ActiveCfg = Release|Any CPU
		{E499FDA8-C43A-4AC2-A22B-AFFCCBB68629}.Release|Any CPU.Build.0 = Release|Any CPU
	EndGlobalSection
	GlobalSection(SolutionProperties) = preSolution
		HideSolutionNode = FALSE
	EndGlobalSection
	GlobalSection(ExtensibilityGlobals) = postSolution
		SolutionGuid = {8F1C6752-51F7-48D4-A106-2288FE8BC356}
	EndGlobalSection
EndGlobal
